<?xml version="1.0" encoding="utf-8"?>
<Project ToolsVersion="4.0" xmlns="http://schemas.microsoft.com/developer/msbuild/2003">
  <ItemGroup>
    <ClInclude Include="Path.hpp">
      <Filter>Utils</Filter>
    </ClInclude>
    <ClInclude Include="Error.hpp">
      <Filter>Utils</Filter>
    </ClInclude>
    <ClInclude Include="ZipArchive.h">
      <Filter>Utils</Filter>
    </ClInclude>
    <ClInclude Include="File.h">
      <Filter>Utils</Filter>
    </ClInclude>
    <ClInclude Include="StringConverter.hpp">
      <Filter>Utils</Filter>
    </ClInclude>
    <ClInclude Include="PackageManager.h">
      <Filter>Utils</Filter>
    </ClInclude>
    <ClInclude Include="ResourceParam.h" />
  </ItemGroup>
  <ItemGroup>
    <ClCompile Include="Main.cpp" />
    <ClCompile Include="ZipArchive.cpp">
      <Filter>Utils</Filter>
    </ClCompile>
    <ClCompile Include="File.cpp">
      <Filter>Utils</Filter>
    </ClCompile>
    <ClCompile Include="PackageManager.cpp">
      <Filter>Utils</Filter>
    </ClCompile>
  </ItemGroup>
  <ItemGroup>
    <ResourceCompile Include="main.rc" />
  </ItemGroup>
  <ItemGroup>
    <Filter Include="Utils">
      <UniqueIdentifier>{775d8c4d-b3de-4ea2-9c9e-07e3b13770fd}</UniqueIdentifier>
    </Filter>
  </ItemGroup>
</Project>